
Microsoft Visual Studio Solution File, Format Version 12.00
# Visual Studio Version 16
VisualStudioVersion = 16.0.31624.102
MinimumVisualStudioVersion = 10.0.40219.1
Project("{FAE04EC0-301F-11D3-BF4B-00C04F79EFBC}") = "pr1", "pr1.csproj", "{201C983F-B91E-4952-B66A-87155DC0CF24}"
EndProject
Global
	GlobalSection(SolutionConfigurationPlatforms) = preSolution
		Debug|Any CPU = Debug|Any CPU
		Release|Any CPU = Release|Any CPU
	EndGlobalSection
	GlobalSection(ProjectConfigurationPlatforms) = postSolution
		{201C983F-B91E-4952-B66A-87155DC0CF24}.Debug|Any CPU.ActiveCfg = Debug|Any CPU
		{201C983F-B91E-4952-B66A-87155DC0CF24}.Debug|Any CPU.Build.0 = Debug|Any CPU
		{201C983F-B91E-4952-B66A-87155DC0CF24}.Release|Any CPU.ActiveCfg = Release|Any CPU
		{201C983F-B91E-4952-B66A-87155DC0CF24}.Release|Any CPU.Build.0 = Release|Any CPU
	EndGlobalSection
	GlobalSection(SolutionProperties) = preSolution
		HideSolutionNode = FALSE
	EndGlobalSection
	GlobalSection(ExtensibilityGlobals) = postSolution
		SolutionGuid = {0834554D-FA34-4D81-83B6-6F7B59445582}
	EndGlobalSection
EndGlobal
